
Microsoft Visual Studio Solution File, Format Version 12.00
# Visual Studio 15
VisualStudioVersion = 15.0.27428.2002
MinimumVisualStudioVersion = 10.0.40219.1
Project("{888888A0-9F3D-457C-B088-3A5042F75D52}") = "iter_permu", "iter_permu\iter_permu.pyproj", "{05A4D0C2-19F1-4107-9152-50DD477EBADF}"
EndProject
Global
	GlobalSection(SolutionConfigurationPlatforms) = preSolution
		Debug|Any CPU = Debug|Any CPU
		Release|Any CPU = Release|Any CPU
	EndGlobalSection
	GlobalSection(ProjectConfigurationPlatforms) = postSolution
		{05A4D0C2-19F1-4107-9152-50DD477EBADF}.Debug|Any CPU.ActiveCfg = Debug|Any CPU
		{05A4D0C2-19F1-4107-9152-50DD477EBADF}.Release|Any CPU.ActiveCfg = Release|Any CPU
	EndGlobalSection
	GlobalSection(SolutionProperties) = preSolution
		HideSolutionNode = FALSE
	EndGlobalSection
	GlobalSection(ExtensibilityGlobals) = postSolution
		SolutionGuid = {B58D10E6-9AD8-4891-922A-098E5273F67B}
	EndGlobalSection
EndGlobal
