
Microsoft Visual Studio Solution File, Format Version 12.00
# Visual Studio 15
VisualStudioVersion = 15.0.27428.2002
MinimumVisualStudioVersion = 10.0.40219.1
Project("{888888A0-9F3D-457C-B088-3A5042F75D52}") = "Iter_product", "Iter_product\Iter_product.pyproj", "{7466C365-8242-4F16-88B3-08176133F8EC}"
EndProject
Global
	GlobalSection(SolutionConfigurationPlatforms) = preSolution
		Debug|Any CPU = Debug|Any CPU
		Release|Any CPU = Release|Any CPU
	EndGlobalSection
	GlobalSection(ProjectConfigurationPlatforms) = postSolution
		{7466C365-8242-4F16-88B3-08176133F8EC}.Debug|Any CPU.ActiveCfg = Debug|Any CPU
		{7466C365-8242-4F16-88B3-08176133F8EC}.Release|Any CPU.ActiveCfg = Release|Any CPU
	EndGlobalSection
	GlobalSection(SolutionProperties) = preSolution
		HideSolutionNode = FALSE
	EndGlobalSection
	GlobalSection(ExtensibilityGlobals) = postSolution
		SolutionGuid = {5B780A76-D600-4A60-B1FA-AE57492AD68F}
	EndGlobalSection
EndGlobal
